// !$*UTF8*$!
{
	archiveVersion = 1;
	classes = {
	};
	objectVersion = 48;
	objects = {

/* Begin PBXBuildFile section */
		846237BB1FA37CF0000D22AB /* AppDelegate.swift in Sources */ = {isa = PBXBuildFile; fileRef = 846237BA1FA37CF0000D22AB /* AppDelegate.swift */; };
		846237BD1FA37CF0000D22AB /* ViewController.swift in Sources */ = {isa = PBXBuildFile; fileRef = 846237BC1FA37CF0000D22AB /* ViewController.swift */; };
		846237C01FA37CF0000D22AB /* Main.storyboard in Resources */ = {isa = PBXBuildFile; fileRef = 846237BE1FA37CF0000D22AB /* Main.storyboard */; };
		846237C21FA37CF0000D22AB /* Assets.xcassets in Resources */ = {isa = PBXBuildFile; fileRef = 846237C11FA37CF0000D22AB /* Assets.xcassets */; };
		846237C51FA37CF0000D22AB /* LaunchScreen.storyboard in Resources */ = {isa = PBXBuildFile; fileRef = 846237C31FA37CF0000D22AB /* LaunchScreen.storyboard */; };
		84B828A31FC5E41E004E4DD5 /* GoogleService-Info.plist in Resources */ = {isa = PBXBuildFile; fileRef = 84B828A21FC5E41E004E4DD5 /* GoogleService-Info.plist */; };
		95A923AAF3A23E4BE520007B /* Pods_Navegador.framework in Frameworks */ = {isa = PBXBuildFile; fileRef = 3B27BEFB75AE7725E7D947ED /* Pods_Navegador.framework */; };
/* End PBXBuildFile section */

/* Begin PBXFileReference section */
		0355C0467514AC6312D52D8D /* Pods-Navegador.debug.xcconfig */ = {isa = PBXFileReference; includeInIndex = 1; lastKnownFileType = text.xcconfig; name = "Pods-Navegador.debug.xcconfig"; path = "Pods/Target Support Files/Pods-Navegador/Pods-Navegador.debug.xcconfig"; sourceTree = "<group>"; };
		3B27BEFB75AE7725E7D947ED /* Pods_Navegador.framework */ = {isa = PBXFileReference; explicitFileType = wrapper.framework; includeInIndex = 0; path = Pods_Navegador.framework; sourceTree = BUILT_PRODUCTS_DIR; };
		846237B71FA37CF0000D22AB /* Navegador.app */ = {isa = PBXFileReference; explicitFileType = wrapper.application; includeInIndex = 0; path = Navegador.app; sourceTree = BUILT_PRODUCTS_DIR; };
		846237BA1FA37CF0000D22AB /* AppDelegate.swift */ = {isa = PBXFileReference; lastKnownFileType = sourcecode.swift; path = AppDelegate.swift; sourceTree = "<group>"; };
		846237BC1FA37CF0000D22AB /* ViewController.swift */ = {isa = PBXFileReference; lastKnownFileType = sourcecode.swift; path = ViewController.swift; sourceTree = "<group>"; };
		846237BF1FA37CF0000D22AB /* Base */ = {isa = PBXFileReference; lastKnownFileType = file.storyboard; name = Base; path = Base.lproj/Main.storyboard; sourceTree = "<group>"; };
		846237C11FA37CF0000D22AB /* Assets.xcassets */ = {isa = PBXFileReference; lastKnownFileType = folder.assetcatalog; path = Assets.xcassets; sourceTree = "<group>"; };
		846237C41FA37CF0000D22AB /* Base */ = {isa = PBXFileReference; lastKnownFileType = file.storyboard; name = Base; path = Base.lproj/LaunchScreen.storyboard; sourceTree = "<group>"; };
		846237C61FA37CF0000D22AB /* Info.plist */ = {isa = PBXFileReference; lastKnownFileType = text.plist.xml; path = Info.plist; sourceTree = "<group>"; };
		84B828A21FC5E41E004E4DD5 /* GoogleService-Info.plist */ = {isa = PBXFileReference; fileEncoding = 4; lastKnownFileType = text.plist.xml; path = "GoogleService-Info.plist"; sourceTree = "<group>"; };
		BC473FA1C7987526133D26D1 /* Pods-Navegador.release.xcconfig */ = {isa = PBXFileReference; includeInIndex = 1; lastKnownFileType = text.xcconfig; name = "Pods-Navegador.release.xcconfig"; path = "Pods/Target Support Files/Pods-Navegador/Pods-Navegador.release.xcconfig"; sourceTree = "<group>"; };
/* End PBXFileReference section */

/* Begin PBXFrameworksBuildPhase section */
		846237B41FA37CF0000D22AB /* Frameworks */ = {
			isa = PBXFrameworksBuildPhase;
			buildActionMask = 2147483647;
			files = (
				95A923AAF3A23E4BE520007B /* Pods_Navegador.framework in Frameworks */,
			);
			runOnlyForDeploymentPostprocessing = 0;
		};
/* End PBXFrameworksBuildPhase section */

/* Begin PBXGroup section */
		70168FBCE0950E60B3C3039D /* Frameworks */ = {
			isa = PBXGroup;
			children = (
				3B27BEFB75AE7725E7D947ED /* Pods_Navegador.framework */,
			);
			name = Frameworks;
			sourceTree = "<group>";
		};
		7D19A6CA4FE036F5368845B0 /* Pods */ = {
			isa = PBXGroup;
			children = (
				0355C0467514AC6312D52D8D /* Pods-Navegador.debug.xcconfig */,
				BC473FA1C7987526133D26D1 /* Pods-Navegador.release.xcconfig */,
			);
			name = Pods;
			sourceTree = "<group>";
		};
		846237AE1FA37CF0000D22AB = {
			isa = PBXGroup;
			children = (
				846237B91FA37CF0000D22AB /* Navegador */,
				846237B81FA37CF0000D22AB /* Products */,
				7D19A6CA4FE036F5368845B0 /* Pods */,
				70168FBCE0950E60B3C3039D /* Frameworks */,
			);
			sourceTree = "<group>";
		};
		846237B81FA37CF0000D22AB /* Products */ = {
			isa = PBXGroup;
			children = (
				846237B71FA37CF0000D22AB /* Navegador.app */,
			);
			name = Products;
			sourceTree = "<group>";
		};
		846237B91FA37CF0000D22AB /* Navegador */ = {
			isa = PBXGroup;
			children = (
				846237BA1FA37CF0000D22AB /* AppDelegate.swift */,
				846237BC1FA37CF0000D22AB /* ViewController.swift */,
				846237BE1FA37CF0000D22AB /* Main.storyboard */,
				846237C11FA37CF0000D22AB /* Assets.xcassets */,
				846237C31FA37CF0000D22AB /* LaunchScreen.storyboard */,
				846237C61FA37CF0000D22AB /* Info.plist */,
				84B828A21FC5E41E004E4DD5 /* GoogleService-Info.plist */,
			);
			path = Navegador;
			sourceTree = "<group>";
		};
/* End PBXGroup section */

/* Begin PBXNativeTarget section */
		846237B61FA37CF0000D22AB /* Navegador */ = {
			isa = PBXNativeTarget;
			buildConfigurationList = 846237C91FA37CF0000D22AB /* Build configuration list for PBXNativeTarget "Navegador" */;
			buildPhases = (
				C65374009E689FD2D5017537 /* [CP] Check Pods Manifest.lock */,
				846237B31FA37CF0000D22AB /* Sources */,
				846237B41FA37CF0000D22AB /* Frameworks */,
				846237B51FA37CF0000D22AB /* Resources */,
				4494F79693A99C11012106F7 /* [CP] Embed Pods Frameworks */,
				63A32888F2E985ED2B05E0E1 /* [CP] Copy Pods Resources */,
			);
			buildRules = (
			);
			dependencies = (
			);
			name = Navegador;
			productName = Navegador;
			productReference = 846237B71FA37CF0000D22AB /* Navegador.app */;
			productType = "com.apple.product-type.application";
		};
/* End PBXNativeTarget section */

/* Begin PBXProject section */
		846237AF1FA37CF0000D22AB /* Project object */ = {
			isa = PBXProject;
			attributes = {
				LastSwiftUpdateCheck = 0900;
				LastUpgradeCheck = 0900;
				ORGANIZATIONNAME = usuario;
				TargetAttributes = {
					846237B61FA37CF0000D22AB = {
						CreatedOnToolsVersion = 9.0.1;
						ProvisioningStyle = Manual;
					};
				};
			};
			buildConfigurationList = 846237B21FA37CF0000D22AB /* Build configuration list for PBXProject "Navegador" */;
			compatibilityVersion = "Xcode 8.0";
			developmentRegion = en;
			hasScannedForEncodings = 0;
			knownRegions = (
				en,
				Base,
			);
			mainGroup = 846237AE1FA37CF0000D22AB;
			productRefGroup = 846237B81FA37CF0000D22AB /* Products */;
			projectDirPath = "";
			projectRoot = "";
			targets = (
				846237B61FA37CF0000D22AB /* Navegador */,
			);
		};
/* End PBXProject section */

/* Begin PBXResourcesBuildPhase section */
		846237B51FA37CF0000D22AB /* Resources */ = {
			isa = PBXResourcesBuildPhase;
			buildActionMask = 2147483647;
			files = (
				846237C51FA37CF0000D22AB /* LaunchScreen.storyboard in Resources */,
				84B828A31FC5E41E004E4DD5 /* GoogleService-Info.plist in Resources */,
				846237C21FA37CF0000D22AB /* Assets.xcassets in Resources */,
				846237C01FA37CF0000D22AB /* Main.storyboard in Resources */,
			);
			runOnlyForDeploymentPostprocessing = 0;
		};
/* End PBXResourcesBuildPhase section */

/* Begin PBXShellScriptBuildPhase section */
		4494F79693A99C11012106F7 /* [CP] Embed Pods Frameworks */ = {
			isa = PBXShellScriptBuildPhase;
			buildActionMask = 2147483647;
			files = (
			);
			inputPaths = (
				"${SRCROOT}/Pods/Target Support Files/Pods-Navegador/Pods-Navegador-frameworks.sh",
				"${BUILT_PRODUCTS_DIR}/GoogleToolboxForMac/GoogleToolboxForMac.framework",
				"${BUILT_PRODUCTS_DIR}/leveldb-library/leveldb.framework",
				"${BUILT_PRODUCTS_DIR}/nanopb/nanopb.framework",
			);
			name = "[CP] Embed Pods Frameworks";
			outputPaths = (
				"${TARGET_BUILD_DIR}/${FRAMEWORKS_FOLDER_PATH}/GoogleToolboxForMac.framework",
				"${TARGET_BUILD_DIR}/${FRAMEWORKS_FOLDER_PATH}/leveldb.framework",
				"${TARGET_BUILD_DIR}/${FRAMEWORKS_FOLDER_PATH}/nanopb.framework",
			);
			runOnlyForDeploymentPostprocessing = 0;
			shellPath = /bin/sh;
			shellScript = "\"${SRCROOT}/Pods/Target Support Files/Pods-Navegador/Pods-Navegador-frameworks.sh\"\n";
			showEnvVarsInLog = 0;
		};
		63A32888F2E985ED2B05E0E1 /* [CP] Copy Pods Resources */ = {
			isa = PBXShellScriptBuildPhase;
			buildActionMask = 2147483647;
			files = (
			);
			inputPaths = (
			);
			name = "[CP] Copy Pods Resources";
			outputPaths = (
			);
			runOnlyForDeploymentPostprocessing = 0;
			shellPath = /bin/sh;
			shellScript = "\"${SRCROOT}/Pods/Target Support Files/Pods-Navegador/Pods-Navegador-resources.sh\"\n";
			showEnvVarsInLog = 0;
		};
		C65374009E689FD2D5017537 /* [CP] Check Pods Manifest.lock */ = {
			isa = PBXShellScriptBuildPhase;
			buildActionMask = 2147483647;
			files = (
			);
			inputPaths = (
				"${PODS_PODFILE_DIR_PATH}/Podfile.lock",
				"${PODS_ROOT}/Manifest.lock",
			);
			name = "[CP] Check Pods Manifest.lock";
			outputPaths = (
				"$(DERIVED_FILE_DIR)/Pods-Navegador-checkManifestLockResult.txt",
			);
			runOnlyForDeploymentPostprocessing = 0;
			shellPath = /bin/sh;
			shellScript = "diff \"${PODS_PODFILE_DIR_PATH}/Podfile.lock\" \"${PODS_ROOT}/Manifest.lock\" > /dev/null\nif [ $? != 0 ] ; then\n    # print error to STDERR\n    echo \"error: The sandbox is not in sync with the Podfile.lock. Run 'pod install' or update your CocoaPods installation.\" >&2\n    exit 1\nfi\n# This output is used by Xcode 'outputs' to avoid re-running this script phase.\necho \"SUCCESS\" > \"${SCRIPT_OUTPUT_FILE_0}\"\n";
			showEnvVarsInLog = 0;
		};
/* End PBXShellScriptBuildPhase section */

/* Begin PBXSourcesBuildPhase section */
		846237B31FA37CF0000D22AB /* Sources */ = {
			isa = PBXSourcesBuildPhase;
			buildActionMask = 2147483647;
			files = (
				846237BD1FA37CF0000D22AB /* ViewController.swift in Sources */,
				846237BB1FA37CF0000D22AB /* AppDelegate.swift in Sources */,
			);
			runOnlyForDeploymentPostprocessing = 0;
		};
/* End PBXSourcesBuildPhase section */

/* Begin PBXVariantGroup section */
		846237BE1FA37CF0000D22AB /* Main.storyboard */ = {
			isa = PBXVariantGroup;
			children = (
				846237BF1FA37CF0000D22AB /* Base */,
			);
			name = Main.storyboard;
			sourceTree = "<group>";
		};
		846237C31FA37CF0000D22AB /* LaunchScreen.storyboard */ = {
			isa = PBXVariantGroup;
			children = (
				846237C41FA37CF0000D22AB /* Base */,
			);
			name = LaunchScreen.storyboard;
			sourceTree = "<group>";
		};
/* End PBXVariantGroup section */

/* Begin XCBuildConfiguration section */
		846237C71FA37CF0000D22AB /* Debug */ = {
			isa = XCBuildConfiguration;
			buildSettings = {
				ALWAYS_SEARCH_USER_PATHS = NO;
				CLANG_ANALYZER_NONNULL = YES;
				CLANG_ANALYZER_NUMBER_OBJECT_CONVERSION = YES_AGGRESSIVE;
				CLANG_CXX_LANGUAGE_STANDARD = "gnu++14";
				CLANG_CXX_LIBRARY = "libc++";
				CLANG_ENABLE_MODULES = YES;
				CLANG_ENABLE_OBJC_ARC = YES;
				CLANG_WARN_BLOCK_CAPTURE_AUTORELEASING = YES;
				CLANG_WARN_BOOL_CONVERSION = YES;
				CLANG_WARN_COMMA = YES;
				CLANG_WARN_CONSTANT_CONVERSION = YES;
				CLANG_WARN_DIRECT_OBJC_ISA_USAGE = YES_ERROR;
				CLANG_WARN_DOCUMENTATION_COMMENTS = YES;
				CLANG_WARN_EMPTY_BODY = YES;
				CLANG_WARN_ENUM_CONVERSION = YES;
				CLANG_WARN_INFINITE_RECURSION = YES;
				CLANG_WARN_INT_CONVERSION = YES;
				CLANG_WARN_NON_LITERAL_NULL_CONVERSION = YES;
				CLANG_WARN_OBJC_LITERAL_CONVERSION = YES;
				CLANG_WARN_OBJC_ROOT_CLASS = YES_ERROR;
				CLANG_WARN_RANGE_LOOP_ANALYSIS = YES;
				CLANG_WARN_STRICT_PROTOTYPES = YES;
				CLANG_WARN_SUSPICIOUS_MOVE = YES;
				CLANG_WARN_UNGUARDED_AVAILABILITY = YES_AGGRESSIVE;
				CLANG_WARN_UNREACHABLE_CODE = YES;
				CLANG_WARN__DUPLICATE_METHOD_MATCH = YES;
				CODE_SIGN_IDENTITY = "iPhone Developer";
				COPY_PHASE_STRIP = NO;
				DEBUG_INFORMATION_FORMAT = dwarf;
				ENABLE_STRICT_OBJC_MSGSEND = YES;
				ENABLE_TESTABILITY = YES;
				GCC_C_LANGUAGE_STANDARD = gnu11;
				GCC_DYNAMIC_NO_PIC = NO;
				GCC_NO_COMMON_BLOCKS = YES;
				GCC_OPTIMIZATION_LEVEL = 0;
				GCC_PREPROCESSOR_DEFINITIONS = (
					"DEBUG=1",
					"$(inherited)",
				);
				GCC_WARN_64_TO_32_BIT_CONVERSION = YES;
				GCC_WARN_ABOUT_RETURN_TYPE = YES_ERROR;
				GCC_WARN_UNDECLARED_SELECTOR = YES;
				GCC_WARN_UNINITIALIZED_AUTOS = YES_AGGRESSIVE;
				GCC_WARN_UNUSED_FUNCTION = YES;
				GCC_WARN_UNUSED_VARIABLE = YES;
				IPHONEOS_DEPLOYMENT_TARGET = 11.0;
				MTL_ENABLE_DEBUG_INFO = YES;
				ONLY_ACTIVE_ARCH = YES;
				SDKROOT = iphoneos;
				SWIFT_ACTIVE_COMPILATION_CONDITIONS = DEBUG;
				SWIFT_OPTIMIZATION_LEVEL = "-Onone";
			};
			name = Debug;
		};
		846237C81FA37CF0000D22AB /* Release */ = {
			isa = XCBuildConfiguration;
			buildSettings = {
				ALWAYS_SEARCH_USER_PATHS = NO;
				CLANG_ANALYZER_NONNULL = YES;
				CLANG_ANALYZER_NUMBER_OBJECT_CONVERSION = YES_AGGRESSIVE;
				CLANG_CXX_LANGUAGE_STANDARD = "gnu++14";
				CLANG_CXX_LIBRARY = "libc++";
				CLANG_ENABLE_MODULES = YES;
				CLANG_ENABLE_OBJC_ARC = YES;
				CLANG_WARN_BLOCK_CAPTURE_AUTORELEASING = YES;
				CLANG_WARN_BOOL_CONVERSION = YES;
				CLANG_WARN_COMMA = YES;
				CLANG_WARN_CONSTANT_CONVERSION = YES;
				CLANG_WARN_DIRECT_OBJC_ISA_USAGE = YES_ERROR;
				CLANG_WARN_DOCUMENTATION_COMMENTS = YES;
				CLANG_WARN_EMPTY_BODY = YES;
				CLANG_WARN_ENUM_CONVERSION = YES;
				CLANG_WARN_INFINITE_RECURSION = YES;
				CLANG_WARN_INT_CONVERSION = YES;
				CLANG_WARN_NON_LITERAL_NULL_CONVERSION = YES;
				CLANG_WARN_OBJC_LITERAL_CONVERSION = YES;
				CLANG_WARN_OBJC_ROOT_CLASS = YES_ERROR;
				CLANG_WARN_RANGE_LOOP_ANALYSIS = YES;
				CLANG_WARN_STRICT_PROTOTYPES = YES;
				CLANG_WARN_SUSPICIOUS_MOVE = YES;
				CLANG_WARN_UNGUARDED_AVAILABILITY = YES_AGGRESSIVE;
				CLANG_WARN_UNREACHABLE_CODE = YES;
				CLANG_WARN__DUPLICATE_METHOD_MATCH = YES;
				CODE_SIGN_IDENTITY = "iPhone Developer";
				COPY_PHASE_STRIP = NO;
				DEBUG_INFORMATION_FORMAT = "dwarf-with-dsym";
				ENABLE_NS_ASSERTIONS = NO;
				ENABLE_STRICT_OBJC_MSGSEND = YES;
				GCC_C_LANGUAGE_STANDARD = gnu11;
				GCC_NO_COMMON_BLOCKS = YES;
				GCC_WARN_64_TO_32_BIT_CONVERSION = YES;
				GCC_WARN_ABOUT_RETURN_TYPE = YES_ERROR;
				GCC_WARN_UNDECLARED_SELECTOR = YES;
				GCC_WARN_UNINITIALIZED_AUTOS = YES_AGGRESSIVE;
				GCC_WARN_UNUSED_FUNCTION = YES;
				GCC_WARN_UNUSED_VARIABLE = YES;
				IPHONEOS_DEPLOYMENT_TARGET = 11.0;
				MTL_ENABLE_DEBUG_INFO = NO;
				SDKROOT = iphoneos;
				SWIFT_OPTIMIZATION_LEVEL = "-Owholemodule";
				VALIDATE_PRODUCT = YES;
			};
			name = Release;
		};
		846237CA1FA37CF0000D22AB /* Debug */ = {
			isa = XCBuildConfiguration;
			baseConfigurationReference = 0355C0467514AC6312D52D8D /* Pods-Navegador.debug.xcconfig */;
			buildSettings = {
				ASSETCATALOG_COMPILER_APPICON_NAME = AppIcon;
				CODE_SIGN_STYLE = Manual;
				DEVELOPMENT_TEAM = "";
				INFOPLIST_FILE = Navegador/Info.plist;
				LD_RUNPATH_SEARCH_PATHS = "$(inherited) @executable_path/Frameworks";
				PRODUCT_BUNDLE_IDENTIFIER = fran.bustamante.org;
				PRODUCT_NAME = "$(TARGET_NAME)";
				PROVISIONING_PROFILE_SPECIFIER = "";
				SWIFT_VERSION = 4.0;
				TARGETED_DEVICE_FAMILY = "1,2";
			};
			name = Debug;
		};
		846237CB1FA37CF0000D22AB /* Release */ = {
			isa = XCBuildConfiguration;
			baseConfigurationReference = BC473FA1C7987526133D26D1 /* Pods-Navegador.release.xcconfig */;
			buildSettings = {
				ASSETCATALOG_COMPILER_APPICON_NAME = AppIcon;
				CODE_SIGN_STYLE = Manual;
				DEVELOPMENT_TEAM = "";
				INFOPLIST_FILE = Navegador/Info.plist;
				LD_RUNPATH_SEARCH_PATHS = "$(inherited) @executable_path/Frameworks";
				PRODUCT_BUNDLE_IDENTIFIER = fran.bustamante.org;
				PRODUCT_NAME = "$(TARGET_NAME)";
				PROVISIONING_PROFILE_SPECIFIER = "";
				SWIFT_VERSION = 4.0;
				TARGETED_DEVICE_FAMILY = "1,2";
			};
			name = Release;
		};
/* End XCBuildConfiguration section */

/* Begin XCConfigurationList section */
		846237B21FA37CF0000D22AB /* Build configuration list for PBXProject "Navegador" */ = {
			isa = XCConfigurationList;
			buildConfigurations = (
				846237C71FA37CF0000D22AB /* Debug */,
				846237C81FA37CF0000D22AB /* Release */,
			);
			defaultConfigurationIsVisible = 0;
			defaultConfigurationName = Release;
		};
		846237C91FA37CF0000D22AB /* Build configuration list for PBXNativeTarget "Navegador" */ = {
			isa = XCConfigurationList;
			buildConfigurations = (
				846237CA1FA37CF0000D22AB /* Debug */,
				846237CB1FA37CF0000D22AB /* Release */,
			);
			defaultConfigurationIsVisible = 0;
			defaultConfigurationName = Release;
		};
/* End XCConfigurationList section */
	};
	rootObject = 846237AF1FA37CF0000D22AB /* Project object */;
}
